
Microsoft Visual Studio Solution File, Format Version 12.00
# Visual Studio Version 17
VisualStudioVersion = 17.14.36915.13
MinimumVisualStudioVersion = 10.0.40219.1
Project("{FAE04EC0-301F-11D3-BF4B-00C04F79EFBC}") = "Budget", "Budget.csproj", "{6C73A516-9858-4AA5-9901-ED928EA89A60}"
EndProject
Global
	GlobalSection(SolutionConfigurationPlatforms) = preSolution
		Debug|Any CPU = Debug|Any CPU
		Release|Any CPU = Release|Any CPU
	EndGlobalSection
	GlobalSection(ProjectConfigurationPlatforms) = postSolution
		{6C73A516-9858-4AA5-9901-ED928EA89A60}.Debug|Any CPU.ActiveCfg = Debug|Any CPU
		{6C73A516-9858-4AA5-9901-ED928EA89A60}.Debug|Any CPU.Build.0 = Debug|Any CPU
		{6C73A516-9858-4AA5-9901-ED928EA89A60}.Release|Any CPU.ActiveCfg = Release|Any CPU
		{6C73A516-9858-4AA5-9901-ED928EA89A60}.Release|Any CPU.Build.0 = Release|Any CPU
	EndGlobalSection
	GlobalSection(SolutionProperties) = preSolution
		HideSolutionNode = FALSE
	EndGlobalSection
	GlobalSection(ExtensibilityGlobals) = postSolution
		SolutionGuid = {A18CF110-2D42-48AE-911E-2EF3F9DD664F}
	EndGlobalSection
EndGlobal
